// !$*UTF8*$!
{
	archiveVersion = 1;
	classes = {
	};
	objectVersion = 46;
	objects = {

/* Begin PBXBuildFile section */
		D9C7DF3F1CE308500062BF22 /* studycard_start_btn@2x.png in Resources */ = {isa = PBXBuildFile; fileRef = D9C7DF3E1CE308500062BF22 /* studycard_start_btn@2x.png */; };
		D9EBA47A1CE45FA500881FF6 /* TransformVC.m in Sources */ = {isa = PBXBuildFile; fileRef = D9EBA4781CE45FA500881FF6 /* TransformVC.m */; };
		D9EBA47B1CE45FA500881FF6 /* TransformVC.xib in Resources */ = {isa = PBXBuildFile; fileRef = D9EBA4791CE45FA500881FF6 /* TransformVC.xib */; };
		D9EBA47F1CE474A000881FF6 /* CubeViewController.m in Sources */ = {isa = PBXBuildFile; fileRef = D9EBA47D1CE474A000881FF6 /* CubeViewController.m */; };
		D9EBA4801CE474A000881FF6 /* CubeViewController.xib in Resources */ = {isa = PBXBuildFile; fileRef = D9EBA47E1CE474A000881FF6 /* CubeViewController.xib */; };
		D9EBA4841CE4847800881FF6 /* SubCaLayerVC.m in Sources */ = {isa = PBXBuildFile; fileRef = D9EBA4821CE4847800881FF6 /* SubCaLayerVC.m */; };
		D9EBA4851CE4847800881FF6 /* SubCaLayerVC.xib in Resources */ = {isa = PBXBuildFile; fileRef = D9EBA4831CE4847800881FF6 /* SubCaLayerVC.xib */; };
		D9F0B5571CE04B03006A764A /* main.m in Sources */ = {isa = PBXBuildFile; fileRef = D9F0B5561CE04B03006A764A /* main.m */; };
		D9F0B55A1CE04B03006A764A /* AppDelegate.m in Sources */ = {isa = PBXBuildFile; fileRef = D9F0B5591CE04B03006A764A /* AppDelegate.m */; };
		D9F0B55D1CE04B03006A764A /* ViewController.m in Sources */ = {isa = PBXBuildFile; fileRef = D9F0B55C1CE04B03006A764A /* ViewController.m */; };
		D9F0B5601CE04B03006A764A /* Main.storyboard in Resources */ = {isa = PBXBuildFile; fileRef = D9F0B55E1CE04B03006A764A /* Main.storyboard */; };
		D9F0B5621CE04B03006A764A /* Assets.xcassets in Resources */ = {isa = PBXBuildFile; fileRef = D9F0B5611CE04B03006A764A /* Assets.xcassets */; };
		D9F0B5651CE04B03006A764A /* LaunchScreen.storyboard in Resources */ = {isa = PBXBuildFile; fileRef = D9F0B5631CE04B03006A764A /* LaunchScreen.storyboard */; };
		D9F0B56D1CE04D87006A764A /* study_testState_end@2x.png in Resources */ = {isa = PBXBuildFile; fileRef = D9F0B56C1CE04D87006A764A /* study_testState_end@2x.png */; };
		D9F0B56F1CE04F5F006A764A /* studyCard_finish@2x.png in Resources */ = {isa = PBXBuildFile; fileRef = D9F0B56E1CE04F5F006A764A /* studyCard_finish@2x.png */; };
/* End PBXBuildFile section */

/* Begin PBXFileReference section */
		D9C7DF3E1CE308500062BF22 /* studycard_start_btn@2x.png */ = {isa = PBXFileReference; lastKnownFileType = image.png; path = "studycard_start_btn@2x.png"; sourceTree = "<group>"; };
		D9EBA4771CE45FA500881FF6 /* TransformVC.h */ = {isa = PBXFileReference; fileEncoding = 4; lastKnownFileType = sourcecode.c.h; path = TransformVC.h; sourceTree = "<group>"; };
		D9EBA4781CE45FA500881FF6 /* TransformVC.m */ = {isa = PBXFileReference; fileEncoding = 4; lastKnownFileType = sourcecode.c.objc; path = TransformVC.m; sourceTree = "<group>"; };
		D9EBA4791CE45FA500881FF6 /* TransformVC.xib */ = {isa = PBXFileReference; fileEncoding = 4; lastKnownFileType = file.xib; path = TransformVC.xib; sourceTree = "<group>"; };
		D9EBA47C1CE474A000881FF6 /* CubeViewController.h */ = {isa = PBXFileReference; fileEncoding = 4; lastKnownFileType = sourcecode.c.h; path = CubeViewController.h; sourceTree = "<group>"; };
		D9EBA47D1CE474A000881FF6 /* CubeViewController.m */ = {isa = PBXFileReference; fileEncoding = 4; lastKnownFileType = sourcecode.c.objc; path = CubeViewController.m; sourceTree = "<group>"; };
		D9EBA47E1CE474A000881FF6 /* CubeViewController.xib */ = {isa = PBXFileReference; fileEncoding = 4; lastKnownFileType = file.xib; path = CubeViewController.xib; sourceTree = "<group>"; };
		D9EBA4811CE4847800881FF6 /* SubCaLayerVC.h */ = {isa = PBXFileReference; fileEncoding = 4; lastKnownFileType = sourcecode.c.h; path = SubCaLayerVC.h; sourceTree = "<group>"; };
		D9EBA4821CE4847800881FF6 /* SubCaLayerVC.m */ = {isa = PBXFileReference; fileEncoding = 4; lastKnownFileType = sourcecode.c.objc; path = SubCaLayerVC.m; sourceTree = "<group>"; };
		D9EBA4831CE4847800881FF6 /* SubCaLayerVC.xib */ = {isa = PBXFileReference; fileEncoding = 4; lastKnownFileType = file.xib; path = SubCaLayerVC.xib; sourceTree = "<group>"; };
		D9F0B5521CE04B03006A764A /* LessonCoreAnimation.app */ = {isa = PBXFileReference; explicitFileType = wrapper.application; includeInIndex = 0; path = LessonCoreAnimation.app; sourceTree = BUILT_PRODUCTS_DIR; };
		D9F0B5561CE04B03006A764A /* main.m */ = {isa = PBXFileReference; lastKnownFileType = sourcecode.c.objc; path = main.m; sourceTree = "<group>"; };
		D9F0B5581CE04B03006A764A /* AppDelegate.h */ = {isa = PBXFileReference; lastKnownFileType = sourcecode.c.h; path = AppDelegate.h; sourceTree = "<group>"; };
		D9F0B5591CE04B03006A764A /* AppDelegate.m */ = {isa = PBXFileReference; lastKnownFileType = sourcecode.c.objc; path = AppDelegate.m; sourceTree = "<group>"; };
		D9F0B55B1CE04B03006A764A /* ViewController.h */ = {isa = PBXFileReference; lastKnownFileType = sourcecode.c.h; path = ViewController.h; sourceTree = "<group>"; };
		D9F0B55C1CE04B03006A764A /* ViewController.m */ = {isa = PBXFileReference; lastKnownFileType = sourcecode.c.objc; path = ViewController.m; sourceTree = "<group>"; };
		D9F0B55F1CE04B03006A764A /* Base */ = {isa = PBXFileReference; lastKnownFileType = file.storyboard; name = Base; path = Base.lproj/Main.storyboard; sourceTree = "<group>"; };
		D9F0B5611CE04B03006A764A /* Assets.xcassets */ = {isa = PBXFileReference; lastKnownFileType = folder.assetcatalog; path = Assets.xcassets; sourceTree = "<group>"; };
		D9F0B5641CE04B03006A764A /* Base */ = {isa = PBXFileReference; lastKnownFileType = file.storyboard; name = Base; path = Base.lproj/LaunchScreen.storyboard; sourceTree = "<group>"; };
		D9F0B5661CE04B03006A764A /* Info.plist */ = {isa = PBXFileReference; lastKnownFileType = text.plist.xml; path = Info.plist; sourceTree = "<group>"; };
		D9F0B56C1CE04D87006A764A /* study_testState_end@2x.png */ = {isa = PBXFileReference; lastKnownFileType = image.png; path = "study_testState_end@2x.png"; sourceTree = "<group>"; };
		D9F0B56E1CE04F5F006A764A /* studyCard_finish@2x.png */ = {isa = PBXFileReference; lastKnownFileType = image.png; path = "studyCard_finish@2x.png"; sourceTree = "<group>"; };
/* End PBXFileReference section */

/* Begin PBXFrameworksBuildPhase section */
		D9F0B54F1CE04B03006A764A /* Frameworks */ = {
			isa = PBXFrameworksBuildPhase;
			buildActionMask = 2147483647;
			files = (
			);
			runOnlyForDeploymentPostprocessing = 0;
		};
/* End PBXFrameworksBuildPhase section */

/* Begin PBXGroup section */
		D9F0B5491CE04B03006A764A = {
			isa = PBXGroup;
			children = (
				D9F0B5541CE04B03006A764A /* LessonCoreAnimation */,
				D9F0B5531CE04B03006A764A /* Products */,
			);
			sourceTree = "<group>";
		};
		D9F0B5531CE04B03006A764A /* Products */ = {
			isa = PBXGroup;
			children = (
				D9F0B5521CE04B03006A764A /* LessonCoreAnimation.app */,
			);
			name = Products;
			sourceTree = "<group>";
		};
		D9F0B5541CE04B03006A764A /* LessonCoreAnimation */ = {
			isa = PBXGroup;
			children = (
				D9F0B5581CE04B03006A764A /* AppDelegate.h */,
				D9F0B5591CE04B03006A764A /* AppDelegate.m */,
				D9F0B55B1CE04B03006A764A /* ViewController.h */,
				D9F0B55C1CE04B03006A764A /* ViewController.m */,
				D9EBA4771CE45FA500881FF6 /* TransformVC.h */,
				D9EBA4781CE45FA500881FF6 /* TransformVC.m */,
				D9EBA4791CE45FA500881FF6 /* TransformVC.xib */,
				D9EBA47C1CE474A000881FF6 /* CubeViewController.h */,
				D9EBA47D1CE474A000881FF6 /* CubeViewController.m */,
				D9EBA47E1CE474A000881FF6 /* CubeViewController.xib */,
				D9EBA4811CE4847800881FF6 /* SubCaLayerVC.h */,
				D9EBA4821CE4847800881FF6 /* SubCaLayerVC.m */,
				D9EBA4831CE4847800881FF6 /* SubCaLayerVC.xib */,
				D9C7DF3E1CE308500062BF22 /* studycard_start_btn@2x.png */,
				D9F0B56E1CE04F5F006A764A /* studyCard_finish@2x.png */,
				D9F0B56C1CE04D87006A764A /* study_testState_end@2x.png */,
				D9F0B55E1CE04B03006A764A /* Main.storyboard */,
				D9F0B5611CE04B03006A764A /* Assets.xcassets */,
				D9F0B5631CE04B03006A764A /* LaunchScreen.storyboard */,
				D9F0B5661CE04B03006A764A /* Info.plist */,
				D9F0B5551CE04B03006A764A /* Supporting Files */,
			);
			path = LessonCoreAnimation;
			sourceTree = "<group>";
		};
		D9F0B5551CE04B03006A764A /* Supporting Files */ = {
			isa = PBXGroup;
			children = (
				D9F0B5561CE04B03006A764A /* main.m */,
			);
			name = "Supporting Files";
			sourceTree = "<group>";
		};
/* End PBXGroup section */

/* Begin PBXNativeTarget section */
		D9F0B5511CE04B03006A764A /* LessonCoreAnimation */ = {
			isa = PBXNativeTarget;
			buildConfigurationList = D9F0B5691CE04B03006A764A /* Build configuration list for PBXNativeTarget "LessonCoreAnimation" */;
			buildPhases = (
				D9F0B54E1CE04B03006A764A /* Sources */,
				D9F0B54F1CE04B03006A764A /* Frameworks */,
				D9F0B5501CE04B03006A764A /* Resources */,
			);
			buildRules = (
			);
			dependencies = (
			);
			name = LessonCoreAnimation;
			productName = LessonCoreAnimation;
			productReference = D9F0B5521CE04B03006A764A /* LessonCoreAnimation.app */;
			productType = "com.apple.product-type.application";
		};
/* End PBXNativeTarget section */

/* Begin PBXProject section */
		D9F0B54A1CE04B03006A764A /* Project object */ = {
			isa = PBXProject;
			attributes = {
				LastUpgradeCheck = 0720;
				ORGANIZATIONNAME = zhangdong;
				TargetAttributes = {
					D9F0B5511CE04B03006A764A = {
						CreatedOnToolsVersion = 7.2;
					};
				};
			};
			buildConfigurationList = D9F0B54D1CE04B03006A764A /* Build configuration list for PBXProject "LessonCoreAnimation" */;
			compatibilityVersion = "Xcode 3.2";
			developmentRegion = English;
			hasScannedForEncodings = 0;
			knownRegions = (
				en,
				Base,
			);
			mainGroup = D9F0B5491CE04B03006A764A;
			productRefGroup = D9F0B5531CE04B03006A764A /* Products */;
			projectDirPath = "";
			projectRoot = "";
			targets = (
				D9F0B5511CE04B03006A764A /* LessonCoreAnimation */,
			);
		};
/* End PBXProject section */

/* Begin PBXResourcesBuildPhase section */
		D9F0B5501CE04B03006A764A /* Resources */ = {
			isa = PBXResourcesBuildPhase;
			buildActionMask = 2147483647;
			files = (
				D9F0B5651CE04B03006A764A /* LaunchScreen.storyboard in Resources */,
				D9F0B56F1CE04F5F006A764A /* studyCard_finish@2x.png in Resources */,
				D9EBA4851CE4847800881FF6 /* SubCaLayerVC.xib in Resources */,
				D9C7DF3F1CE308500062BF22 /* studycard_start_btn@2x.png in Resources */,
				D9EBA47B1CE45FA500881FF6 /* TransformVC.xib in Resources */,
				D9F0B5621CE04B03006A764A /* Assets.xcassets in Resources */,
				D9EBA4801CE474A000881FF6 /* CubeViewController.xib in Resources */,
				D9F0B56D1CE04D87006A764A /* study_testState_end@2x.png in Resources */,
				D9F0B5601CE04B03006A764A /* Main.storyboard in Resources */,
			);
			runOnlyForDeploymentPostprocessing = 0;
		};
/* End PBXResourcesBuildPhase section */

/* Begin PBXSourcesBuildPhase section */
		D9F0B54E1CE04B03006A764A /* Sources */ = {
			isa = PBXSourcesBuildPhase;
			buildActionMask = 2147483647;
			files = (
				D9F0B55D1CE04B03006A764A /* ViewController.m in Sources */,
				D9EBA47A1CE45FA500881FF6 /* TransformVC.m in Sources */,
				D9EBA47F1CE474A000881FF6 /* CubeViewController.m in Sources */,
				D9EBA4841CE4847800881FF6 /* SubCaLayerVC.m in Sources */,
				D9F0B55A1CE04B03006A764A /* AppDelegate.m in Sources */,
				D9F0B5571CE04B03006A764A /* main.m in Sources */,
			);
			runOnlyForDeploymentPostprocessing = 0;
		};
/* End PBXSourcesBuildPhase section */

/* Begin PBXVariantGroup section */
		D9F0B55E1CE04B03006A764A /* Main.storyboard */ = {
			isa = PBXVariantGroup;
			children = (
				D9F0B55F1CE04B03006A764A /* Base */,
			);
			name = Main.storyboard;
			sourceTree = "<group>";
		};
		D9F0B5631CE04B03006A764A /* LaunchScreen.storyboard */ = {
			isa = PBXVariantGroup;
			children = (
				D9F0B5641CE04B03006A764A /* Base */,
			);
			name = LaunchScreen.storyboard;
			sourceTree = "<group>";
		};
/* End PBXVariantGroup section */

/* Begin XCBuildConfiguration section */
		D9F0B5671CE04B03006A764A /* Debug */ = {
			isa = XCBuildConfiguration;
			buildSettings = {
				ALWAYS_SEARCH_USER_PATHS = NO;
				CLANG_CXX_LANGUAGE_STANDARD = "gnu++0x";
				CLANG_CXX_LIBRARY = "libc++";
				CLANG_ENABLE_MODULES = YES;
				CLANG_ENABLE_OBJC_ARC = YES;
				CLANG_WARN_BOOL_CONVERSION = YES;
				CLANG_WARN_CONSTANT_CONVERSION = YES;
				CLANG_WARN_DIRECT_OBJC_ISA_USAGE = YES_ERROR;
				CLANG_WARN_EMPTY_BODY = YES;
				CLANG_WARN_ENUM_CONVERSION = YES;
				CLANG_WARN_INT_CONVERSION = YES;
				CLANG_WARN_OBJC_ROOT_CLASS = YES_ERROR;
				CLANG_WARN_UNREACHABLE_CODE = YES;
				CLANG_WARN__DUPLICATE_METHOD_MATCH = YES;
				"CODE_SIGN_IDENTITY[sdk=iphoneos*]" = "iPhone Developer";
				COPY_PHASE_STRIP = NO;
				DEBUG_INFORMATION_FORMAT = dwarf;
				ENABLE_STRICT_OBJC_MSGSEND = YES;
				ENABLE_TESTABILITY = YES;
				GCC_C_LANGUAGE_STANDARD = gnu99;
				GCC_DYNAMIC_NO_PIC = NO;
				GCC_NO_COMMON_BLOCKS = YES;
				GCC_OPTIMIZATION_LEVEL = 0;
				GCC_PREPROCESSOR_DEFINITIONS = (
					"DEBUG=1",
					"$(inherited)",
				);
				GCC_WARN_64_TO_32_BIT_CONVERSION = YES;
				GCC_WARN_ABOUT_RETURN_TYPE = YES_ERROR;
				GCC_WARN_UNDECLARED_SELECTOR = YES;
				GCC_WARN_UNINITIALIZED_AUTOS = YES_AGGRESSIVE;
				GCC_WARN_UNUSED_FUNCTION = YES;
				GCC_WARN_UNUSED_VARIABLE = YES;
				IPHONEOS_DEPLOYMENT_TARGET = 9.2;
				MTL_ENABLE_DEBUG_INFO = YES;
				ONLY_ACTIVE_ARCH = YES;
				SDKROOT = iphoneos;
			};
			name = Debug;
		};
		D9F0B5681CE04B03006A764A /* Release */ = {
			isa = XCBuildConfiguration;
			buildSettings = {
				ALWAYS_SEARCH_USER_PATHS = NO;
				CLANG_CXX_LANGUAGE_STANDARD = "gnu++0x";
				CLANG_CXX_LIBRARY = "libc++";
				CLANG_ENABLE_MODULES = YES;
				CLANG_ENABLE_OBJC_ARC = YES;
				CLANG_WARN_BOOL_CONVERSION = YES;
				CLANG_WARN_CONSTANT_CONVERSION = YES;
				CLANG_WARN_DIRECT_OBJC_ISA_USAGE = YES_ERROR;
				CLANG_WARN_EMPTY_BODY = YES;
				CLANG_WARN_ENUM_CONVERSION = YES;
				CLANG_WARN_INT_CONVERSION = YES;
				CLANG_WARN_OBJC_ROOT_CLASS = YES_ERROR;
				CLANG_WARN_UNREACHABLE_CODE = YES;
				CLANG_WARN__DUPLICATE_METHOD_MATCH = YES;
				"CODE_SIGN_IDENTITY[sdk=iphoneos*]" = "iPhone Developer";
				COPY_PHASE_STRIP = NO;
				DEBUG_INFORMATION_FORMAT = "dwarf-with-dsym";
				ENABLE_NS_ASSERTIONS = NO;
				ENABLE_STRICT_OBJC_MSGSEND = YES;
				GCC_C_LANGUAGE_STANDARD = gnu99;
				GCC_NO_COMMON_BLOCKS = YES;
				GCC_WARN_64_TO_32_BIT_CONVERSION = YES;
				GCC_WARN_ABOUT_RETURN_TYPE = YES_ERROR;
				GCC_WARN_UNDECLARED_SELECTOR = YES;
				GCC_WARN_UNINITIALIZED_AUTOS = YES_AGGRESSIVE;
				GCC_WARN_UNUSED_FUNCTION = YES;
				GCC_WARN_UNUSED_VARIABLE = YES;
				IPHONEOS_DEPLOYMENT_TARGET = 9.2;
				MTL_ENABLE_DEBUG_INFO = NO;
				SDKROOT = iphoneos;
				VALIDATE_PRODUCT = YES;
			};
			name = Release;
		};
		D9F0B56A1CE04B03006A764A /* Debug */ = {
			isa = XCBuildConfiguration;
			buildSettings = {
				ASSETCATALOG_COMPILER_APPICON_NAME = AppIcon;
				INFOPLIST_FILE = LessonCoreAnimation/Info.plist;
				LD_RUNPATH_SEARCH_PATHS = "$(inherited) @executable_path/Frameworks";
				PRODUCT_BUNDLE_IDENTIFIER = JY.LessonCoreAnimation;
				PRODUCT_NAME = "$(TARGET_NAME)";
			};
			name = Debug;
		};
		D9F0B56B1CE04B03006A764A /* Release */ = {
			isa = XCBuildConfiguration;
			buildSettings = {
				ASSETCATALOG_COMPILER_APPICON_NAME = AppIcon;
				INFOPLIST_FILE = LessonCoreAnimation/Info.plist;
				LD_RUNPATH_SEARCH_PATHS = "$(inherited) @executable_path/Frameworks";
				PRODUCT_BUNDLE_IDENTIFIER = JY.LessonCoreAnimation;
				PRODUCT_NAME = "$(TARGET_NAME)";
			};
			name = Release;
		};
/* End XCBuildConfiguration section */

/* Begin XCConfigurationList section */
		D9F0B54D1CE04B03006A764A /* Build configuration list for PBXProject "LessonCoreAnimation" */ = {
			isa = XCConfigurationList;
			buildConfigurations = (
				D9F0B5671CE04B03006A764A /* Debug */,
				D9F0B5681CE04B03006A764A /* Release */,
			);
			defaultConfigurationIsVisible = 0;
			defaultConfigurationName = Release;
		};
		D9F0B5691CE04B03006A764A /* Build configuration list for PBXNativeTarget "LessonCoreAnimation" */ = {
			isa = XCConfigurationList;
			buildConfigurations = (
				D9F0B56A1CE04B03006A764A /* Debug */,
				D9F0B56B1CE04B03006A764A /* Release */,
			);
			defaultConfigurationIsVisible = 0;
			defaultConfigurationName = Release;
		};
/* End XCConfigurationList section */
	};
	rootObject = D9F0B54A1CE04B03006A764A /* Project object */;
}
